
Microsoft Visual Studio Solution File, Format Version 12.00
# Visual Studio Version 17
VisualStudioVersion = 17.10.35122.118
MinimumVisualStudioVersion = 10.0.40219.1
Project("{F184B08F-C81C-45F6-A57F-5ABD9991F28F}") = "AL-Waleed", "AL-Waleed\AL-Waleed.vbproj", "{C5D7F749-877C-4A49-8FB4-6157DEF55FBA}"
EndProject
Global
	GlobalSection(SolutionConfigurationPlatforms) = preSolution
		Debug|Any CPU = Debug|Any CPU
		Release|Any CPU = Release|Any CPU
	EndGlobalSection
	GlobalSection(ProjectConfigurationPlatforms) = postSolution
		{C5D7F749-877C-4A49-8FB4-6157DEF55FBA}.Debug|Any CPU.ActiveCfg = Debug|Any CPU
		{C5D7F749-877C-4A49-8FB4-6157DEF55FBA}.Debug|Any CPU.Build.0 = Debug|Any CPU
		{C5D7F749-877C-4A49-8FB4-6157DEF55FBA}.Release|Any CPU.ActiveCfg = Release|Any CPU
		{C5D7F749-877C-4A49-8FB4-6157DEF55FBA}.Release|Any CPU.Build.0 = Release|Any CPU
	EndGlobalSection
	GlobalSection(SolutionProperties) = preSolution
		HideSolutionNode = FALSE
	EndGlobalSection
	GlobalSection(ExtensibilityGlobals) = postSolution
		SolutionGuid = {CCFBD843-0B21-4035-B4A6-E263C67AA785}
	EndGlobalSection
EndGlobal
